{
  "lockfileVersion": 2,
  "configVersion": 1,
  "workspaces": {
    "": {
      "name": "fly_io_observable",
      "dependencies": {
        "@aws-sdk/client-s3": "^3.1136.0",
        "@headlessui/react": "^2.2.10",
        "bun-plugin-tailwind": "^0.1.2",
        "react": "^19.3.0",
        "react-dom": "^19.3.0",
        "tailwindcss": "^4.3.3",
        "three": "^0.186.0",
      },
      "devDependencies": {
        "@playwright/test": "^1.63.0",
      },
    },
  },
  "packages": {
    "@aws-sdk/checksums": ["@aws-sdk/checksums@3.1001.0", "", { "dependencies": { "@aws-sdk/core": "^3.978.0", "@aws-sdk/types": "^3.974.5", "@smithy/core": "^3.33.3", "@smithy/types": "^4.17.2", "tslib": "^2.6.2" } }, "sha512-6uTniZc87q+B5eXouGTl+7Tmc482rEeCcvxpsvREP8EfF0gvloRZ41UOA9sbSJlyy8TbqIBXb3kKfKarEArUQA=="],

    "@aws-sdk/client-s3": ["@aws-sdk/client-s3@3.1136.0", "", { "dependencies": { "@aws-sdk/checksums": "^3.1001.0", "@aws-sdk/core": "^3.978.0", "@aws-sdk/credential-provider-node": "^3.972.83", "@aws-sdk/middleware-sdk-s3": "^3.972.76", "@aws-sdk/signature-v4-multi-region": "^3.996.46", "@aws-sdk/types": "^3.974.5", "@smithy/core": "^3.33.3", "@smithy/fetch-http-handler": "^5.7.2", "@smithy/node-http-handler": "^4.11.3", "@smithy/types": "^4.17.2", "tslib": "^2.6.2" } }, "sha512-1FUvu6nuUi3y9VjQAYootkfWKQqZ8aT8wZoV5I0bpeMkGVgntYpJ11xLicGotGE6E1qtLXB+GdOJM9B+OQYWDA=="],

    "@aws-sdk/core": ["@aws-sdk/core@3.978.0", "", { "dependencies": { "@aws-sdk/types": "^3.974.5", "@aws-sdk/xml-builder": "^3.972.40", "@aws/lambda-invoke-store": "^0.3.0", "@smithy/core": "^3.33.3", "@smithy/signature-v4": "^5.6.12", "@smithy/types": "^4.17.2", "bowser": "^2.11.0", "tslib": "^2.6.2" } }, "sha512-2yX9LUmxPklVjSGTb8dfnWRJSiFQ3TeH2nn7G1mdKHTfnabzF0+gfrS8rYfLWmZrQ8A3mEcxMJjRc51dL5KWaA=="],

    "@aws-sdk/credential-provider-env": ["@aws-sdk/credential-provider-env@3.972.71", "", { "dependencies": { "@aws-sdk/core": "^3.978.0", "@aws-sdk/types": "^3.974.5", "@smithy/core": "^3.33.3", "@smithy/types": "^4.17.2", "tslib": "^2.6.2" } }, "sha512-JN+JHruYZw3GUZB8YGAlDk4wTDPOEAEEdEzj5nS0xodWR4smzHsN7PnK2j6IeOsDIj2aqua5DSbhXl9Gtf90FQ=="],

    "@aws-sdk/credential-provider-http": ["@aws-sdk/credential-provider-http@3.972.73", "", { "dependencies": { "@aws-sdk/core": "^3.978.0", "@aws-sdk/types": "^3.974.5", "@smithy/core": "^3.33.3", "@smithy/fetch-http-handler": "^5.7.2", "@smithy/node-http-handler": "^4.11.3", "@smithy/types": "^4.17.2", "tslib": "^2.6.2" } }, "sha512-uyYYnJOnlis8uQzaYGPd7N1JoioCoNpXgnkXYixsWJXHXgXyYi8WXJSDfofxJeWfQIGWLe2Nwyq60Uc7MZdVOg=="],

    "@aws-sdk/credential-provider-ini": ["@aws-sdk/credential-provider-ini@3.973.16", "", { "dependencies": { "@aws-sdk/core": "^3.978.0", "@aws-sdk/credential-provider-env": "^3.972.71", "@aws-sdk/credential-provider-http": "^3.972.73", "@aws-sdk/credential-provider-login": "^3.972.78", "@aws-sdk/credential-provider-process": "^3.972.71", "@aws-sdk/credential-provider-sso": "^3.973.15", "@aws-sdk/credential-provider-web-identity": "^3.972.77", "@aws-sdk/nested-clients": "^3.997.45", "@aws-sdk/types": "^3.974.5", "@smithy/core": "^3.33.3", "@smithy/credential-provider-imds": "^4.4.16", "@smithy/types": "^4.17.2", "tslib": "^2.6.2" } }, "sha512-i++ly+0Uxa+u3ebSSyr0S/3CFhFJDxCXT3+Zj+mW2bXenEx5bKGCdTIKFu39SgXBNhWDjex/8cXUx9MUTMCrTw=="],

    "@aws-sdk/credential-provider-login": ["@aws-sdk/credential-provider-login@3.972.78", "", { "dependencies": { "@aws-sdk/core": "^3.978.0", "@aws-sdk/nested-clients": "^3.997.45", "@aws-sdk/types": "^3.974.5", "@smithy/core": "^3.33.3", "@smithy/types": "^4.17.2", "tslib": "^2.6.2" } }, "sha512-eUtswnXu0+Ii9ieRK+0L7aPFV3Z/dnW2VntJzjBP9xs8s+8p5nBNuymIXtXwZ+5r5+XJP3e32nMkuZ/r0HozEA=="],

    "@aws-sdk/credential-provider-node": ["@aws-sdk/credential-provider-node@3.972.83", "", { "dependencies": { "@aws-sdk/credential-provider-env": "^3.972.71", "@aws-sdk/credential-provider-http": "^3.972.73", "@aws-sdk/credential-provider-ini": "^3.973.16", "@aws-sdk/credential-provider-process": "^3.972.71", "@aws-sdk/credential-provider-sso": "^3.973.15", "@aws-sdk/credential-provider-web-identity": "^3.972.77", "@aws-sdk/types": "^3.974.5", "@smithy/core": "^3.33.3", "@smithy/credential-provider-imds": "^4.4.16", "@smithy/types": "^4.17.2", "tslib": "^2.6.2" } }, "sha512-jdso7ejzfRnatxMUZK4S/U6KbaDPCvfIV4XL+IQAPFDBt5rj5Fq595euqlK8Le4lNCMFR9oUpt+1l0aMgaayOQ=="],

    "@aws-sdk/credential-provider-process": ["@aws-sdk/credential-provider-process@3.972.71", "", { "dependencies": { "@aws-sdk/core": "^3.978.0", "@aws-sdk/types": "^3.974.5", "@smithy/core": "^3.33.3", "@smithy/types": "^4.17.2", "tslib": "^2.6.2" } }, "sha512-lYmXJa4gvq4xN1lrT5NiP5vIYYKcGWAdj8y+8o6dlcateB5eF3Dn8DtmjjHKfMBrTPAMr2pebIiX/UOj8c1/UA=="],

    "@aws-sdk/credential-provider-sso": ["@aws-sdk/credential-provider-sso@3.973.15", "", { "dependencies": { "@aws-sdk/core": "^3.978.0", "@aws-sdk/nested-clients": "^3.997.45", "@aws-sdk/token-providers": "3.1129.0", "@aws-sdk/types": "^3.974.5", "@smithy/core": "^3.33.3", "@smithy/types": "^4.17.2", "tslib": "^2.6.2" } }, "sha512-6Jhcf4v0pSFdjk1EW2kvzuEBKD+UZ2uNcHUIglKKLndD20YhvkL2kdmDOV5/j4mYuWWwe/a1FQ1aomU86/Cg5Q=="],

    "@aws-sdk/credential-provider-web-identity": ["@aws-sdk/credential-provider-web-identity@3.972.77", "", { "dependencies": { "@aws-sdk/core": "^3.978.0", "@aws-sdk/nested-clients": "^3.997.45", "@aws-sdk/types": "^3.974.5", "@smithy/core": "^3.33.3", "@smithy/types": "^4.17.2", "tslib": "^2.6.2" } }, "sha512-uylIQSUWpfLuH2LovxEEfwzJGM/SabLOfLMg6YXu/E8jJEKUdpdILCVCQCdFvHyu/7dLJOHPMfrSwduxO56NkQ=="],

    "@aws-sdk/middleware-sdk-s3": ["@aws-sdk/middleware-sdk-s3@3.972.76", "", { "dependencies": { "@aws-sdk/core": "^3.978.0", "@aws-sdk/signature-v4-multi-region": "^3.996.46", "@aws-sdk/types": "^3.974.5", "@smithy/core": "^3.33.3", "@smithy/types": "^4.17.2", "tslib": "^2.6.2" } }, "sha512-NfnTkVUTBKTBuBgqaapFK9r3YdkKt1b2oRvgLzZq91bwNKh6ZS0S7sEcheguttREaL4iyfs/xQnqD7Z7AsWSsA=="],

    "@aws-sdk/nested-clients": ["@aws-sdk/nested-clients@3.997.45", "", { "dependencies": { "@aws-sdk/core": "^3.978.0", "@aws-sdk/signature-v4-multi-region": "^3.996.46", "@aws-sdk/types": "^3.974.5", "@smithy/core": "^3.33.3", "@smithy/fetch-http-handler": "^5.7.2", "@smithy/node-http-handler": "^4.11.3", "@smithy/types": "^4.17.2", "tslib": "^2.6.2" } }, "sha512-mooq9Q+jLa18VoM7HouczmslZU60iiB0aKc/Ztnq/luIL1ud0z4DnYprLR/ZO1gp331S9tJctM1HZr7u6YKBXQ=="],

    "@aws-sdk/signature-v4-multi-region": ["@aws-sdk/signature-v4-multi-region@3.996.46", "", { "dependencies": { "@aws-sdk/types": "^3.974.5", "@smithy/signature-v4": "^5.6.12", "@smithy/types": "^4.17.2", "tslib": "^2.6.2" } }, "sha512-L+2xZTye/2T96f3lwCws0Zw6GG2JHZW9e8FpVgGBeeExSKyeoZ6CWRpBml/7DNiK/O26jrgPM9F+Ay8VkgzUWQ=="],

    "@aws-sdk/token-providers": ["@aws-sdk/token-providers@3.1129.0", "", { "dependencies": { "@aws-sdk/core": "^3.978.0", "@aws-sdk/nested-clients": "^3.997.45", "@aws-sdk/types": "^3.974.5", "@smithy/core": "^3.33.3", "@smithy/types": "^4.17.2", "tslib": "^2.6.2" } }, "sha512-Sbl3rpzQdsG4ZK2zh0JWUYyZPKKorJlVOddA2T0DVbKJFrsW8J6wgnslxxUH04+WaBMr4A1HzJZvZX0xUvkniA=="],

    "@aws-sdk/types": ["@aws-sdk/types@3.974.5", "", { "dependencies": { "@smithy/types": "^4.17.2", "tslib": "^2.6.2" } }, "sha512-LkwLL2BLbC6wNNm4JaH9mbEqBMdOZCct6VAYqhdN4U1xrWM+fUJQEfbHwQgDypapOWTRtlk25akb5afM0P8CIQ=="],

    "@aws-sdk/xml-builder": ["@aws-sdk/xml-builder@3.972.40", "", { "dependencies": { "@smithy/types": "^4.17.2", "tslib": "^2.6.2" } }, "sha512-wlFmCIGUlwF4zx/kncw+bmxTQh1HeSJq4mYV/V5cZUSJadDP3kXvGW8Rn21cimj/7y9ju+47oYWXi97vF7czaA=="],

    "@aws/lambda-invoke-store": ["@aws/lambda-invoke-store@0.3.0", "", {}, "sha512-sl4Bm6yiMNYrZKkqqDFWN0UfnWhlS8ivKxrYl+6t0gCLrqr8y3B2IqZZbFRkfaVVp7C/baApyh71P+LeE1A2sQ=="],

    "@floating-ui/core": ["@floating-ui/core@1.8.0", "", { "dependencies": { "@floating-ui/utils": "^0.2.12" } }, "sha512-0CIZ5itps/8x7BG8dEIhs53BvCUH2PCoogtakwRTut+Arm58sJooJ0AuZhLw2HJYIR5cMLNPBSS728sPho2khQ=="],

    "@floating-ui/dom": ["@floating-ui/dom@1.8.0", "", { "dependencies": { "@floating-ui/core": "^1.8.0", "@floating-ui/utils": "^0.2.12" } }, "sha512-yXSrzeHZBTZadLOlfyhCkJHNeLJnHRnRInwdZ40L7ZiaAtrBwoYlsDrX3v5zB1Utk7CLfzcOVnVVWoXEky7Ceg=="],

    "@floating-ui/react": ["@floating-ui/react@0.26.28", "", { "dependencies": { "@floating-ui/react-dom": "^2.1.2", "@floating-ui/utils": "^0.2.8", "tabbable": "^6.0.0" }, "peerDependencies": { "react": ">=16.8.0", "react-dom": ">=16.8.0" } }, "sha512-yORQuuAtVpiRjpMhdc0wJj06b9JFjrYF4qp96j++v2NBpbi6SEGF7donUJ3TMieerQ6qVkAv1tgr7L4r5roTqw=="],

    "@floating-ui/react-dom": ["@floating-ui/react-dom@2.1.9", "", { "dependencies": { "@floating-ui/dom": "^1.8.0" }, "peerDependencies": { "react": ">=16.8.0", "react-dom": ">=16.8.0" } }, "sha512-JDjEFGCpImxDCA7JJKviA0M9+RtmJdj0m/NVU5IMgBK+AmZouAQQ7/+2GLH0GXXY0YMw9oXPB8hKdbPYg5QLYg=="],

    "@floating-ui/utils": ["@floating-ui/utils@0.2.12", "", {}, "sha512-HpCo8tmWzLVad5s2d19EhAz5zqrrQ6s69qd6moPMQvkOuSwDT1YgRfWSVuc4ennqrgv3OHppiOGMQ7oC13yIww=="],

    "@headlessui/react": ["@headlessui/react@2.2.10", "", { "dependencies": { "@floating-ui/react": "^0.26.16", "@react-aria/focus": "^3.20.2", "@react-aria/interactions": "^3.25.0", "@tanstack/react-virtual": "^3.13.9", "use-sync-external-store": "^1.5.0" }, "peerDependencies": { "react": "^18 || ^19 || ^19.0.0-rc", "react-dom": "^18 || ^19 || ^19.0.0-rc" } }, "sha512-5pVLNK9wlpxTUTy9GpgbX/SdcRh+HBnPktjM2wbiLTH4p+2EPHBO1aoSryUCuKUIItdDWO9ITlhUL8UnUN/oIA=="],

    "@internationalized/date": ["@internationalized/date@3.12.4", "", { "dependencies": { "@swc/helpers": "^0.5.0" } }, "sha512-M1dEn4c1U1HsSlaVR8upZtSqvXrTkHDfv18H01uCSJyjVLDxnBR38v/fMxecmlwXKR4i9HeZcmgQAPE6A+aGJQ=="],

    "@internationalized/number": ["@internationalized/number@3.6.8", "", { "dependencies": { "@swc/helpers": "^0.5.0" } }, "sha512-8UmMFia46DUt+k97zKd9fKWXcWHR+k8ae3eYzILETuT2KbIvLyOfac7zesw+sJdRAAZ7Q9pM1Mk22aXp2LD0Ig=="],

    "@internationalized/string": ["@internationalized/string@3.2.10", "", { "dependencies": { "@swc/helpers": "^0.5.0" } }, "sha512-PDx6//vHSpRnHfxqMqto11zQvhsaU74O3mKv2F/0eicGZcl9NLjQmGlbHz/LsJh5tLKp4A4L7ZVTzN1/MmMTvA=="],

    "@oven/bun-darwin-aarch64": ["@oven/bun-darwin-aarch64@1.4.2", "", { "os": "darwin", "cpu": "arm64" }, "sha512-MXdZkP1featqxZ+/VTXWG1BVjM4OGBehVY2Q88EeUj/7L0UMeCGItmyPYTN+wxvlGJ6F66JEtzsw+GvQWewnag=="],

    "@oven/bun-darwin-x64": ["@oven/bun-darwin-x64@1.4.2", "", { "os": "darwin", "cpu": "x64" }, "sha512-gZTxZuLjkUhAWjTETu3tw0WhsEdNkJ64daj60ybhPf835a2yollV3yTkK9JozvzKPx4TRFzLSl8C+U525pxVbw=="],

    "@oven/bun-freebsd-aarch64": ["@oven/bun-freebsd-aarch64@1.4.2", "", { "os": "freebsd", "cpu": "arm64" }, "sha512-SMNItMw1Z8QeeQVKnw8jA7xQNkeXdP+OPgin4Wi/QTx/B8RHHLnuZfqmFy7NtVeT2NF0kKYppW4WWd2CCYZjhQ=="],

    "@oven/bun-freebsd-x64": ["@oven/bun-freebsd-x64@1.4.2", "", { "os": "freebsd", "cpu": "x64" }, "sha512-THbPKXhO54N0DpFRKZNDZpQ7dpbX0bWASuARckAUS9wRtFIHsiY+uULXJvxJGo2YD1YewvXQ4G8Fj7XT5oBCiw=="],

    "@oven/bun-linux-aarch64": ["@oven/bun-linux-aarch64@1.4.2", "", { "os": "linux", "cpu": "arm64" }, "sha512-3BBP9ovJ2RGHFH6Ae1CAtxNtG1+YY6GD6rmYbsUosoAk9+OEl6zeDQ/k4fBkc6dYOJCtWnx8hUxzNzQATSmvYQ=="],

    "@oven/bun-linux-aarch64-android": ["@oven/bun-linux-aarch64-android@1.4.2", "", { "os": "android", "cpu": "arm64" }, "sha512-3mZKO2rhsNgbAUtAHC1UKUlF2zTxFraDZT/Elv8wzyH0fJL9h+Iv3TgB9lO63w89PRn3eFe+NRA1bhVgikKNPQ=="],

    "@oven/bun-linux-aarch64-musl": ["@oven/bun-linux-aarch64-musl@1.4.2", "", { "os": "linux", "cpu": "arm64" }, "sha512-+Sm6y+lSiSFBOtXmnekp5Q6n1tUKlyv71FCPWBc61Cgb14T5eBs8SN/nh4MUCOKzONkI3O+as3MGUgikS4aCBQ=="],

    "@oven/bun-linux-x64": ["@oven/bun-linux-x64@1.4.2", "", { "os": "linux", "cpu": "x64" }, "sha512-9/E/UXOTpSo3YsV5g+FhtTd/qTpiWoKuxS12cqtuYA1ssu9fRAoPQnipFgGyck3tWO63iUdxBiygq+kELFawng=="],

    "@oven/bun-linux-x64-android": ["@oven/bun-linux-x64-android@1.4.2", "", { "os": "android", "cpu": "x64" }, "sha512-6HC5tzcC79113n2IHCTJMWv+HsQImv4ZFEK2XpYLxY6HbT8tM4cUM2Zv1bHZBQsS3jv/zYBamDJ1UX7If0d5tw=="],

    "@oven/bun-linux-x64-musl": ["@oven/bun-linux-x64-musl@1.4.2", "", { "os": "linux", "cpu": "x64" }, "sha512-vVTKUg1bnPhRP/Hp73jIVoFh2vPFNYEqYX0ERKfZBOQEEHitNAeukZzzuUDZS0SoDCIpuWUGSpd/CDMbjdR+Uw=="],

    "@oven/bun-windows-aarch64": ["@oven/bun-windows-aarch64@1.4.2", "", { "os": "win32", "cpu": "arm64" }, "sha512-8EJ1ST7339WJE3poPW5nBgVW/lWf9HBz4W27ZUNhburKmcBLOByPyE6DP9fHD8FQGm5c+ilUN2hX1mrW0jxq9Q=="],

    "@oven/bun-windows-x64": ["@oven/bun-windows-x64@1.4.2", "", { "os": "win32", "cpu": "x64" }, "sha512-+bN6OuVld/9diT/RLSXSW7JE6CvNE3gL9XsAEjULi1nUsXd6DNO6GuA9jNdNb3r8PdJFnYHr5aypNV1Oj3Rd9g=="],

    "@playwright/test": ["@playwright/test@1.63.0", "", { "dependencies": { "playwright": "1.63.0" }, "bin": { "playwright": "cli.js" } }, "sha512-oxMK4vllB9RK5NQ2l1pq1IfOf2AvnEuj/vYGDj0H2nMtmtZpKtCwt/l00GEO6xjGfpBNAvjovvYdCm50dRQkpQ=="],

    "@react-aria/focus": ["@react-aria/focus@3.22.1", "", { "dependencies": { "@swc/helpers": "^0.5.0", "react-aria": "^3.48.0" }, "peerDependencies": { "react": "^16.8.0 || ^17.0.0-rc.1 || ^18.0.0 || ^19.0.0-rc.1", "react-dom": "^16.8.0 || ^17.0.0-rc.1 || ^18.0.0 || ^19.0.0-rc.1" } }, "sha512-CPxtkyrBi/HYY5P3lE/57sQ6qfa0lN8E55TOm89H0kNGv0lKt+/0zP7lWERzBjRr5IxBVrQX4gFEowBN52LPaA=="],

    "@react-aria/interactions": ["@react-aria/interactions@3.28.1", "", { "dependencies": { "@react-types/shared": "^3.34.0", "@swc/helpers": "^0.5.0", "react-aria": "^3.48.0" }, "peerDependencies": { "react": "^16.8.0 || ^17.0.0-rc.1 || ^18.0.0 || ^19.0.0-rc.1", "react-dom": "^16.8.0 || ^17.0.0-rc.1 || ^18.0.0 || ^19.0.0-rc.1" } }, "sha512-Bqb+HrD5I5MHS2SKBhISYqo2SW8Y2dfzgF/Y1lIJq7xqLxheo9vzxPGEHhz+XzkgGfoqEJx8A6a3C7uiqS3HWA=="],

    "@react-types/shared": ["@react-types/shared@3.36.1", "", { "peerDependencies": { "react": "^16.8.0 || ^17.0.0-rc.1 || ^18.0.0 || ^19.0.0-rc.1" } }, "sha512-AzsuD9OfxTOZMMvTRhlN3oHBwOmFN7tDh27LzqmHt4+uOgPhJT7ZM7/kVs/8/o0WxayMUIk3hBmCFRHv1FUoag=="],

    "@smithy/core": ["@smithy/core@3.34.1", "", { "dependencies": { "@smithy/types": "^4.18.0", "tslib": "^2.6.2" } }, "sha512-dLcOUxz8YCv1RZUMKq6GbyUf95pLbrqh34bPvpCZ1+CByFF31BEAFewZjsGCnVsZTKdThNENfGyAgk2TJqVwSw=="],

    "@smithy/credential-provider-imds": ["@smithy/credential-provider-imds@4.5.2", "", { "dependencies": { "@smithy/core": "^3.33.2", "@smithy/types": "^4.17.2", "tslib": "^2.6.2" } }, "sha512-A9uSdn72ozbRUSit0eib0TW7nXuNPlaeM0zcGkJ+nE6tFcSDbnmtwoxbTCFBukVQcszDAyvsd7+rTduPTXpygg=="],

    "@smithy/fetch-http-handler": ["@smithy/fetch-http-handler@5.8.0", "", { "dependencies": { "@smithy/core": "^3.33.3", "@smithy/types": "^4.18.0", "tslib": "^2.6.2" } }, "sha512-ycSJu3tFAQ4v04CBB0agqFMVsSQ1iG3yw+SpgxRqKfaURpQD4CZ8Wn0zPMmSnOuTpTh65Vz+EA0rMrw089wvkA=="],

    "@smithy/node-http-handler": ["@smithy/node-http-handler@4.12.1", "", { "dependencies": { "@smithy/core": "^3.33.3", "@smithy/types": "^4.18.0", "tslib": "^2.6.2" } }, "sha512-ThMkboGeONWXAelq9FvGsuJC4rOi+qyC4/zhUF58xYpxUg5sQKx2VXZYJmtNjr4dSuBJ1HeJXETQILCz3wOHvw=="],

    "@smithy/signature-v4": ["@smithy/signature-v4@5.7.3", "", { "dependencies": { "@smithy/core": "^3.33.3", "@smithy/types": "^4.17.2", "tslib": "^2.6.2" } }, "sha512-7ImGm+FkHRLcBaRttIAMZ6bzJZWb2cJGoYjq46F2UjycujWzrL9GEN9h4w7eQyXJYnltrUhxbbieBAIRrdqpow=="],

    "@smithy/types": ["@smithy/types@4.18.0", "", { "dependencies": { "tslib": "^2.6.2" } }, "sha512-CgB6HHWer/vrKps24ulRIbpcpb7K4xAU7SkZ7YHzBPlwHsvsrCJFEXK421s+cJzX+ZrqtA/TuU5w1HzI7k9N8A=="],

    "@swc/helpers": ["@swc/helpers@0.5.23", "", { "dependencies": { "tslib": "^2.8.0" } }, "sha512-5lSsMOTXURePglDfvuAQUqkGek9Hg2kksOYay2m0+XR++b2NWYL/4sWyuvVBIs8oKnJaxkdi9whaL/sqN13afw=="],

    "@tanstack/react-virtual": ["@tanstack/react-virtual@3.14.13", "", { "dependencies": { "@tanstack/virtual-core": "3.17.11" }, "peerDependencies": { "react": "^16.8.0 || ^17.0.0 || ^18.0.0 || ^19.0.0", "react-dom": "^16.8.0 || ^17.0.0 || ^18.0.0 || ^19.0.0" } }, "sha512-JbDTAwtzZ99aOeCrAfW5EsE5KSq5RWh6Af2dtFwyLIIk48Ja7vm6n4axu/43T3vfjFnEGJalxJ1wyYjSQD6bSg=="],

    "@tanstack/virtual-core": ["@tanstack/virtual-core@3.17.11", "", {}, "sha512-+ILjvtHup6Y2hzQ6YzwMgX1Q+oQpxEGOXCEsCNaPoIP0VxMbizIBTmYTDtkerkIQS8/CbP1BRuyt8V/8BCsy1g=="],

    "aria-hidden": ["aria-hidden@1.2.6", "", { "dependencies": { "tslib": "^2.0.0" } }, "sha512-ik3ZgC9dY/lYVVM++OISsaYDeg1tb0VtP5uL3ouh1koGOaUMDPpbFIei4JkFimWUFPn90sbMNMXQAIVOlnYKJA=="],

    "bowser": ["bowser@2.14.1", "", {}, "sha512-tzPjzCxygAKWFOJP011oxFHs57HzIhOEracIgAePE4pqB3LikALKnSzUyU4MGs9/iCEUuHlAJTjTc5M+u7YEGg=="],

    "bun": ["bun@1.4.2", "", { "optionalDependencies": { "@oven/bun-darwin-aarch64": "1.4.2", "@oven/bun-darwin-x64": "1.4.2", "@oven/bun-freebsd-aarch64": "1.4.2", "@oven/bun-freebsd-x64": "1.4.2", "@oven/bun-linux-aarch64": "1.4.2", "@oven/bun-linux-aarch64-android": "1.4.2", "@oven/bun-linux-aarch64-musl": "1.4.2", "@oven/bun-linux-x64": "1.4.2", "@oven/bun-linux-x64-android": "1.4.2", "@oven/bun-linux-x64-musl": "1.4.2", "@oven/bun-windows-aarch64": "1.4.2", "@oven/bun-windows-x64": "1.4.2" }, "os": [ "!aix", "!sunos", "!openbsd", ], "cpu": [ "x64", "arm64", ], "bin": { "bun": "bin/bun.exe", "bunx": "bin/bunx.exe" } }, "sha512-TrSXo6HJfIEaczpb3kjX82I2pL47vK1QUNmHRCUdz9IzaOwa9lzOXSWwu2l18YHE3sNfGRapVLd4nNm+22vVVA=="],

    "bun-plugin-tailwind": ["bun-plugin-tailwind@0.1.2", "", { "peerDependencies": { "bun": ">=1.0.0" } }, "sha512-41jNC1tZRSK3s1o7pTNrLuQG8kL/0vR/JgiTmZAJ1eHwe0w5j6HFPKeqEk0WAD13jfrUC7+ULuewFBBCoADPpg=="],

    "clsx": ["clsx@2.1.1", "", {}, "sha512-eYm0QWBtUrBWZWG0d386OGAw16Z995PiOVo2B7bjWSbHedGl5e0ZWaq65kOGgUSNesEIDkB9ISbTg/JK9dhCZA=="],

    "playwright": ["playwright@1.63.0", "", { "dependencies": { "playwright-core": "1.63.0" }, "bin": { "playwright": "cli.js" } }, "sha512-+7ziBLidS4NaNCdt57SUDT+wYmmd5fmiQejUic/kb+YsYSCPyOOE9sebzMjNmQrsnNpDJqd4WHvV/8lfKfUDUg=="],

    "playwright-core": ["playwright-core@1.63.0", "", { "bin": { "playwright-core": "cli.js" } }, "sha512-rYCsBF/M5HjUch52bbtVONEFjv6Xu8sm8h72dNlR5bzIE1fvC/bxgspzkjSfU+MweEMmPM8KJebG6nnyxo5mCg=="],

    "react": ["react@19.3.0", "", {}, "sha512-E8LUcbtBWt20bbl2YoHfx4ZDBdxVTfOKtCZn9cDSJ4l6/nuoApcpIBcj47t2wZoVX8g2ZHuMHbiShgCR1T5Sog=="],

    "react-aria": ["react-aria@3.52.1", "", { "dependencies": { "@internationalized/date": "^3.12.4", "@internationalized/number": "^3.6.8", "@internationalized/string": "^3.2.10", "@react-types/shared": "^3.36.1", "@swc/helpers": "^0.5.0", "aria-hidden": "^1.2.3", "clsx": "^2.0.0", "react-stately": "3.50.0", "use-sync-external-store": "^1.6.0" }, "peerDependencies": { "react": "^16.8.0 || ^17.0.0-rc.1 || ^18.0.0 || ^19.0.0-rc.1", "react-dom": "^16.8.0 || ^17.0.0-rc.1 || ^18.0.0 || ^19.0.0-rc.1" } }, "sha512-fdZZruC9/x/joCg0mhKGs5aHpwrXLCSZ4GOJmhhYyiE0ffyEsk9MLFt9LCOCF9tn8ErTD+UDQP4oDUSlZkmpCg=="],

    "react-dom": ["react-dom@19.3.0", "", { "dependencies": { "scheduler": "^0.28.0" }, "peerDependencies": { "react": "^19.3.0" } }, "sha512-JDk8dgif51OjFoDE70+OT9ICyYr+69HlmihNwp1+Nsfbna3t5sIiCa9ZJktDmQ4/1b/rn26hIAR2uYXDMr5r0Q=="],

    "react-stately": ["react-stately@3.50.0", "", { "dependencies": { "@internationalized/date": "^3.12.4", "@internationalized/number": "^3.6.8", "@internationalized/string": "^3.2.10", "@react-types/shared": "^3.36.1", "@swc/helpers": "^0.5.0", "use-sync-external-store": "^1.6.0" }, "peerDependencies": { "react": "^16.8.0 || ^17.0.0-rc.1 || ^18.0.0 || ^19.0.0-rc.1" } }, "sha512-TnckvpDQGU0672wEaLZqdzvhuSeXWjgW6vijMWxiKOxc8CosQUfPGISdcZyfHqjX3XMjEtRxj4w9HumvX4h4mw=="],

    "scheduler": ["scheduler@0.28.0", "", {}, "sha512-juorfCmIkIw8tT+p5BXSm6PJjQF/ycEYmKyzURCIt/RaZIhL+PulbQ9Yu2z1HdOJDdqDTlxA1+xKBmHXJsczAw=="],

    "tabbable": ["tabbable@6.5.0", "", {}, "sha512-wieBHXygIm7OyQOu5hQlkk62/WyCFYGlWg7L6/ZCUZwx0o398Zkn4pVmMyfYhfMG8kGrj/Krt8eIk6UKC6VzwA=="],

    "tailwindcss": ["tailwindcss@4.3.3", "", {}, "sha512-gOhV3P7ufE62QDGg1zVaTgCR+EtPv92k2nIhVcVKcLmxT1sUBsQGhnZj175j+MqRt4zLF7ic+sCYjfhxMxj7YQ=="],

    "three": ["three@0.186.0", "", {}, "sha512-cr/fIM2ddMSVbYVgkfD4jLJv7Fh/8ZTjvo+7gQeSVGUZHxpx9FDwoL5iC7hUz/LiRA8wMbqfnb90xKfm1/HHkQ=="],

    "tslib": ["tslib@2.8.1", "", {}, "sha512-oJFu94HQb+KVduSUQL7wnpmqnfmLsOA/nAh6b6EH0wCEoK0/mPeXU6c3wKDV83MkOuHPRHtSXKKU99IBazS/2w=="],

    "use-sync-external-store": ["use-sync-external-store@1.7.0", "", { "peerDependencies": { "react": "^16.8.0 || ^17.0.0 || ^18.0.0 || ^19.0.0" } }, "sha512-6L+EeigHMQhdaIPNIFUKwfWJSwWFQ8gJbJ2DLOs5sDIegTwR9fRxvnM3uciHKjIZhFz+KAv2emhWMRvDmMcY8A=="],
  }
}
