{
  "lockfileVersion": 2,
  "configVersion": 1,
  "workspaces": {
    "": {
      "name": "fly_io_observable",
      "dependencies": {
        "@aws-sdk/client-s3": "^3.1136.0",
        "react": "^19.3.0",
        "react-dom": "^19.3.0",
      },
      "devDependencies": {
        "@playwright/test": "^1.63.0",
      },
    },
  },
  "packages": {
    "@aws-sdk/checksums": ["@aws-sdk/checksums@3.1001.0", "", { "dependencies": { "@aws-sdk/core": "^3.978.0", "@aws-sdk/types": "^3.974.5", "@smithy/core": "^3.33.3", "@smithy/types": "^4.17.2", "tslib": "^2.6.2" } }, "sha512-6uTniZc87q+B5eXouGTl+7Tmc482rEeCcvxpsvREP8EfF0gvloRZ41UOA9sbSJlyy8TbqIBXb3kKfKarEArUQA=="],

    "@aws-sdk/client-s3": ["@aws-sdk/client-s3@3.1136.0", "", { "dependencies": { "@aws-sdk/checksums": "^3.1001.0", "@aws-sdk/core": "^3.978.0", "@aws-sdk/credential-provider-node": "^3.972.83", "@aws-sdk/middleware-sdk-s3": "^3.972.76", "@aws-sdk/signature-v4-multi-region": "^3.996.46", "@aws-sdk/types": "^3.974.5", "@smithy/core": "^3.33.3", "@smithy/fetch-http-handler": "^5.7.2", "@smithy/node-http-handler": "^4.11.3", "@smithy/types": "^4.17.2", "tslib": "^2.6.2" } }, "sha512-1FUvu6nuUi3y9VjQAYootkfWKQqZ8aT8wZoV5I0bpeMkGVgntYpJ11xLicGotGE6E1qtLXB+GdOJM9B+OQYWDA=="],

    "@aws-sdk/core": ["@aws-sdk/core@3.978.0", "", { "dependencies": { "@aws-sdk/types": "^3.974.5", "@aws-sdk/xml-builder": "^3.972.40", "@aws/lambda-invoke-store": "^0.3.0", "@smithy/core": "^3.33.3", "@smithy/signature-v4": "^5.6.12", "@smithy/types": "^4.17.2", "bowser": "^2.11.0", "tslib": "^2.6.2" } }, "sha512-2yX9LUmxPklVjSGTb8dfnWRJSiFQ3TeH2nn7G1mdKHTfnabzF0+gfrS8rYfLWmZrQ8A3mEcxMJjRc51dL5KWaA=="],

    "@aws-sdk/credential-provider-env": ["@aws-sdk/credential-provider-env@3.972.71", "", { "dependencies": { "@aws-sdk/core": "^3.978.0", "@aws-sdk/types": "^3.974.5", "@smithy/core": "^3.33.3", "@smithy/types": "^4.17.2", "tslib": "^2.6.2" } }, "sha512-JN+JHruYZw3GUZB8YGAlDk4wTDPOEAEEdEzj5nS0xodWR4smzHsN7PnK2j6IeOsDIj2aqua5DSbhXl9Gtf90FQ=="],

    "@aws-sdk/credential-provider-http": ["@aws-sdk/credential-provider-http@3.972.73", "", { "dependencies": { "@aws-sdk/core": "^3.978.0", "@aws-sdk/types": "^3.974.5", "@smithy/core": "^3.33.3", "@smithy/fetch-http-handler": "^5.7.2", "@smithy/node-http-handler": "^4.11.3", "@smithy/types": "^4.17.2", "tslib": "^2.6.2" } }, "sha512-uyYYnJOnlis8uQzaYGPd7N1JoioCoNpXgnkXYixsWJXHXgXyYi8WXJSDfofxJeWfQIGWLe2Nwyq60Uc7MZdVOg=="],

    "@aws-sdk/credential-provider-ini": ["@aws-sdk/credential-provider-ini@3.973.16", "", { "dependencies": { "@aws-sdk/core": "^3.978.0", "@aws-sdk/credential-provider-env": "^3.972.71", "@aws-sdk/credential-provider-http": "^3.972.73", "@aws-sdk/credential-provider-login": "^3.972.78", "@aws-sdk/credential-provider-process": "^3.972.71", "@aws-sdk/credential-provider-sso": "^3.973.15", "@aws-sdk/credential-provider-web-identity": "^3.972.77", "@aws-sdk/nested-clients": "^3.997.45", "@aws-sdk/types": "^3.974.5", "@smithy/core": "^3.33.3", "@smithy/credential-provider-imds": "^4.4.16", "@smithy/types": "^4.17.2", "tslib": "^2.6.2" } }, "sha512-i++ly+0Uxa+u3ebSSyr0S/3CFhFJDxCXT3+Zj+mW2bXenEx5bKGCdTIKFu39SgXBNhWDjex/8cXUx9MUTMCrTw=="],

    "@aws-sdk/credential-provider-login": ["@aws-sdk/credential-provider-login@3.972.78", "", { "dependencies": { "@aws-sdk/core": "^3.978.0", "@aws-sdk/nested-clients": "^3.997.45", "@aws-sdk/types": "^3.974.5", "@smithy/core": "^3.33.3", "@smithy/types": "^4.17.2", "tslib": "^2.6.2" } }, "sha512-eUtswnXu0+Ii9ieRK+0L7aPFV3Z/dnW2VntJzjBP9xs8s+8p5nBNuymIXtXwZ+5r5+XJP3e32nMkuZ/r0HozEA=="],

    "@aws-sdk/credential-provider-node": ["@aws-sdk/credential-provider-node@3.972.83", "", { "dependencies": { "@aws-sdk/credential-provider-env": "^3.972.71", "@aws-sdk/credential-provider-http": "^3.972.73", "@aws-sdk/credential-provider-ini": "^3.973.16", "@aws-sdk/credential-provider-process": "^3.972.71", "@aws-sdk/credential-provider-sso": "^3.973.15", "@aws-sdk/credential-provider-web-identity": "^3.972.77", "@aws-sdk/types": "^3.974.5", "@smithy/core": "^3.33.3", "@smithy/credential-provider-imds": "^4.4.16", "@smithy/types": "^4.17.2", "tslib": "^2.6.2" } }, "sha512-jdso7ejzfRnatxMUZK4S/U6KbaDPCvfIV4XL+IQAPFDBt5rj5Fq595euqlK8Le4lNCMFR9oUpt+1l0aMgaayOQ=="],

    "@aws-sdk/credential-provider-process": ["@aws-sdk/credential-provider-process@3.972.71", "", { "dependencies": { "@aws-sdk/core": "^3.978.0", "@aws-sdk/types": "^3.974.5", "@smithy/core": "^3.33.3", "@smithy/types": "^4.17.2", "tslib": "^2.6.2" } }, "sha512-lYmXJa4gvq4xN1lrT5NiP5vIYYKcGWAdj8y+8o6dlcateB5eF3Dn8DtmjjHKfMBrTPAMr2pebIiX/UOj8c1/UA=="],

    "@aws-sdk/credential-provider-sso": ["@aws-sdk/credential-provider-sso@3.973.15", "", { "dependencies": { "@aws-sdk/core": "^3.978.0", "@aws-sdk/nested-clients": "^3.997.45", "@aws-sdk/token-providers": "3.1129.0", "@aws-sdk/types": "^3.974.5", "@smithy/core": "^3.33.3", "@smithy/types": "^4.17.2", "tslib": "^2.6.2" } }, "sha512-6Jhcf4v0pSFdjk1EW2kvzuEBKD+UZ2uNcHUIglKKLndD20YhvkL2kdmDOV5/j4mYuWWwe/a1FQ1aomU86/Cg5Q=="],

    "@aws-sdk/credential-provider-web-identity": ["@aws-sdk/credential-provider-web-identity@3.972.77", "", { "dependencies": { "@aws-sdk/core": "^3.978.0", "@aws-sdk/nested-clients": "^3.997.45", "@aws-sdk/types": "^3.974.5", "@smithy/core": "^3.33.3", "@smithy/types": "^4.17.2", "tslib": "^2.6.2" } }, "sha512-uylIQSUWpfLuH2LovxEEfwzJGM/SabLOfLMg6YXu/E8jJEKUdpdILCVCQCdFvHyu/7dLJOHPMfrSwduxO56NkQ=="],

    "@aws-sdk/middleware-sdk-s3": ["@aws-sdk/middleware-sdk-s3@3.972.76", "", { "dependencies": { "@aws-sdk/core": "^3.978.0", "@aws-sdk/signature-v4-multi-region": "^3.996.46", "@aws-sdk/types": "^3.974.5", "@smithy/core": "^3.33.3", "@smithy/types": "^4.17.2", "tslib": "^2.6.2" } }, "sha512-NfnTkVUTBKTBuBgqaapFK9r3YdkKt1b2oRvgLzZq91bwNKh6ZS0S7sEcheguttREaL4iyfs/xQnqD7Z7AsWSsA=="],

    "@aws-sdk/nested-clients": ["@aws-sdk/nested-clients@3.997.45", "", { "dependencies": { "@aws-sdk/core": "^3.978.0", "@aws-sdk/signature-v4-multi-region": "^3.996.46", "@aws-sdk/types": "^3.974.5", "@smithy/core": "^3.33.3", "@smithy/fetch-http-handler": "^5.7.2", "@smithy/node-http-handler": "^4.11.3", "@smithy/types": "^4.17.2", "tslib": "^2.6.2" } }, "sha512-mooq9Q+jLa18VoM7HouczmslZU60iiB0aKc/Ztnq/luIL1ud0z4DnYprLR/ZO1gp331S9tJctM1HZr7u6YKBXQ=="],

    "@aws-sdk/signature-v4-multi-region": ["@aws-sdk/signature-v4-multi-region@3.996.46", "", { "dependencies": { "@aws-sdk/types": "^3.974.5", "@smithy/signature-v4": "^5.6.12", "@smithy/types": "^4.17.2", "tslib": "^2.6.2" } }, "sha512-L+2xZTye/2T96f3lwCws0Zw6GG2JHZW9e8FpVgGBeeExSKyeoZ6CWRpBml/7DNiK/O26jrgPM9F+Ay8VkgzUWQ=="],

    "@aws-sdk/token-providers": ["@aws-sdk/token-providers@3.1129.0", "", { "dependencies": { "@aws-sdk/core": "^3.978.0", "@aws-sdk/nested-clients": "^3.997.45", "@aws-sdk/types": "^3.974.5", "@smithy/core": "^3.33.3", "@smithy/types": "^4.17.2", "tslib": "^2.6.2" } }, "sha512-Sbl3rpzQdsG4ZK2zh0JWUYyZPKKorJlVOddA2T0DVbKJFrsW8J6wgnslxxUH04+WaBMr4A1HzJZvZX0xUvkniA=="],

    "@aws-sdk/types": ["@aws-sdk/types@3.974.5", "", { "dependencies": { "@smithy/types": "^4.17.2", "tslib": "^2.6.2" } }, "sha512-LkwLL2BLbC6wNNm4JaH9mbEqBMdOZCct6VAYqhdN4U1xrWM+fUJQEfbHwQgDypapOWTRtlk25akb5afM0P8CIQ=="],

    "@aws-sdk/xml-builder": ["@aws-sdk/xml-builder@3.972.40", "", { "dependencies": { "@smithy/types": "^4.17.2", "tslib": "^2.6.2" } }, "sha512-wlFmCIGUlwF4zx/kncw+bmxTQh1HeSJq4mYV/V5cZUSJadDP3kXvGW8Rn21cimj/7y9ju+47oYWXi97vF7czaA=="],

    "@aws/lambda-invoke-store": ["@aws/lambda-invoke-store@0.3.0", "", {}, "sha512-sl4Bm6yiMNYrZKkqqDFWN0UfnWhlS8ivKxrYl+6t0gCLrqr8y3B2IqZZbFRkfaVVp7C/baApyh71P+LeE1A2sQ=="],

    "@playwright/test": ["@playwright/test@1.63.0", "", { "dependencies": { "playwright": "1.63.0" }, "bin": { "playwright": "cli.js" } }, "sha512-oxMK4vllB9RK5NQ2l1pq1IfOf2AvnEuj/vYGDj0H2nMtmtZpKtCwt/l00GEO6xjGfpBNAvjovvYdCm50dRQkpQ=="],

    "@smithy/core": ["@smithy/core@3.34.1", "", { "dependencies": { "@smithy/types": "^4.18.0", "tslib": "^2.6.2" } }, "sha512-dLcOUxz8YCv1RZUMKq6GbyUf95pLbrqh34bPvpCZ1+CByFF31BEAFewZjsGCnVsZTKdThNENfGyAgk2TJqVwSw=="],

    "@smithy/credential-provider-imds": ["@smithy/credential-provider-imds@4.5.2", "", { "dependencies": { "@smithy/core": "^3.33.2", "@smithy/types": "^4.17.2", "tslib": "^2.6.2" } }, "sha512-A9uSdn72ozbRUSit0eib0TW7nXuNPlaeM0zcGkJ+nE6tFcSDbnmtwoxbTCFBukVQcszDAyvsd7+rTduPTXpygg=="],

    "@smithy/fetch-http-handler": ["@smithy/fetch-http-handler@5.8.0", "", { "dependencies": { "@smithy/core": "^3.33.3", "@smithy/types": "^4.18.0", "tslib": "^2.6.2" } }, "sha512-ycSJu3tFAQ4v04CBB0agqFMVsSQ1iG3yw+SpgxRqKfaURpQD4CZ8Wn0zPMmSnOuTpTh65Vz+EA0rMrw089wvkA=="],

    "@smithy/node-http-handler": ["@smithy/node-http-handler@4.12.1", "", { "dependencies": { "@smithy/core": "^3.33.3", "@smithy/types": "^4.18.0", "tslib": "^2.6.2" } }, "sha512-ThMkboGeONWXAelq9FvGsuJC4rOi+qyC4/zhUF58xYpxUg5sQKx2VXZYJmtNjr4dSuBJ1HeJXETQILCz3wOHvw=="],

    "@smithy/signature-v4": ["@smithy/signature-v4@5.7.3", "", { "dependencies": { "@smithy/core": "^3.33.3", "@smithy/types": "^4.17.2", "tslib": "^2.6.2" } }, "sha512-7ImGm+FkHRLcBaRttIAMZ6bzJZWb2cJGoYjq46F2UjycujWzrL9GEN9h4w7eQyXJYnltrUhxbbieBAIRrdqpow=="],

    "@smithy/types": ["@smithy/types@4.18.0", "", { "dependencies": { "tslib": "^2.6.2" } }, "sha512-CgB6HHWer/vrKps24ulRIbpcpb7K4xAU7SkZ7YHzBPlwHsvsrCJFEXK421s+cJzX+ZrqtA/TuU5w1HzI7k9N8A=="],

    "bowser": ["bowser@2.14.1", "", {}, "sha512-tzPjzCxygAKWFOJP011oxFHs57HzIhOEracIgAePE4pqB3LikALKnSzUyU4MGs9/iCEUuHlAJTjTc5M+u7YEGg=="],

    "playwright": ["playwright@1.63.0", "", { "dependencies": { "playwright-core": "1.63.0" }, "bin": { "playwright": "cli.js" } }, "sha512-+7ziBLidS4NaNCdt57SUDT+wYmmd5fmiQejUic/kb+YsYSCPyOOE9sebzMjNmQrsnNpDJqd4WHvV/8lfKfUDUg=="],

    "playwright-core": ["playwright-core@1.63.0", "", { "bin": { "playwright-core": "cli.js" } }, "sha512-rYCsBF/M5HjUch52bbtVONEFjv6Xu8sm8h72dNlR5bzIE1fvC/bxgspzkjSfU+MweEMmPM8KJebG6nnyxo5mCg=="],

    "react": ["react@19.3.0", "", {}, "sha512-E8LUcbtBWt20bbl2YoHfx4ZDBdxVTfOKtCZn9cDSJ4l6/nuoApcpIBcj47t2wZoVX8g2ZHuMHbiShgCR1T5Sog=="],

    "react-dom": ["react-dom@19.3.0", "", { "dependencies": { "scheduler": "^0.28.0" }, "peerDependencies": { "react": "^19.3.0" } }, "sha512-JDk8dgif51OjFoDE70+OT9ICyYr+69HlmihNwp1+Nsfbna3t5sIiCa9ZJktDmQ4/1b/rn26hIAR2uYXDMr5r0Q=="],

    "scheduler": ["scheduler@0.28.0", "", {}, "sha512-juorfCmIkIw8tT+p5BXSm6PJjQF/ycEYmKyzURCIt/RaZIhL+PulbQ9Yu2z1HdOJDdqDTlxA1+xKBmHXJsczAw=="],

    "tslib": ["tslib@2.8.1", "", {}, "sha512-oJFu94HQb+KVduSUQL7wnpmqnfmLsOA/nAh6b6EH0wCEoK0/mPeXU6c3wKDV83MkOuHPRHtSXKKU99IBazS/2w=="],
  }
}
